
Microsoft Visual Studio Solution File, Format Version 12.00
# Visual Studio Version 16
VisualStudioVersion = 16.0.31613.86
MinimumVisualStudioVersion = 10.0.40219.1
Project("{9A19103F-16F7-4668-BE54-9A1E7A4F7556}") = "WaterQuiz.BLL", "WaterQuiz.BLL\WaterQuiz.BLL.csproj", "{CC920267-8FDF-45ED-84C2-EE519679D0F0}"
EndProject
Project("{9A19103F-16F7-4668-BE54-9A1E7A4F7556}") = "WaterQuiz.DAL", "WaterQuiz.DAL\WaterQuiz.DAL.csproj", "{4D703581-7018-4F4B-B093-B82058192C8B}"
EndProject
Project("{9A19103F-16F7-4668-BE54-9A1E7A4F7556}") = "WaterQuiz.Model", "WaterQuiz.Model\WaterQuiz.Model.csproj", "{6FFEB1EA-2A45-409E-9BA9-2102F2BBC95B}"
EndProject
Project("{FAE04EC0-301F-11D3-BF4B-00C04F79EFBC}") = "WaterQuiz.View", "WaterQuiz.View\WaterQuiz.View.csproj", "{D98BE9B3-2ABA-4404-ABF3-05FE135CC044}"
EndProject
Project("{FAE04EC0-301F-11D3-BF4B-00C04F79EFBC}") = "WaterQuiz.ConsoleTest", "WaterQuiz.ConsoleTest\WaterQuiz.ConsoleTest.csproj", "{D0669AF8-2A3D-474B-8B6C-C9B468DAE4BA}"
EndProject
Global
	GlobalSection(SolutionConfigurationPlatforms) = preSolution
		Debug|Any CPU = Debug|Any CPU
		Release|Any CPU = Release|Any CPU
	EndGlobalSection
	GlobalSection(ProjectConfigurationPlatforms) = postSolution
		{CC920267-8FDF-45ED-84C2-EE519679D0F0}.Debug|Any CPU.ActiveCfg = Debug|Any CPU
		{CC920267-8FDF-45ED-84C2-EE519679D0F0}.Debug|Any CPU.Build.0 = Debug|Any CPU
		{CC920267-8FDF-45ED-84C2-EE519679D0F0}.Release|Any CPU.ActiveCfg = Release|Any CPU
		{CC920267-8FDF-45ED-84C2-EE519679D0F0}.Release|Any CPU.Build.0 = Release|Any CPU
		{4D703581-7018-4F4B-B093-B82058192C8B}.Debug|Any CPU.ActiveCfg = Debug|Any CPU
		{4D703581-7018-4F4B-B093-B82058192C8B}.Debug|Any CPU.Build.0 = Debug|Any CPU
		{4D703581-7018-4F4B-B093-B82058192C8B}.Release|Any CPU.ActiveCfg = Release|Any CPU
		{4D703581-7018-4F4B-B093-B82058192C8B}.Release|Any CPU.Build.0 = Release|Any CPU
		{6FFEB1EA-2A45-409E-9BA9-2102F2BBC95B}.Debug|Any CPU.ActiveCfg = Debug|Any CPU
		{6FFEB1EA-2A45-409E-9BA9-2102F2BBC95B}.Debug|Any CPU.Build.0 = Debug|Any CPU
		{6FFEB1EA-2A45-409E-9BA9-2102F2BBC95B}.Release|Any CPU.ActiveCfg = Release|Any CPU
		{6FFEB1EA-2A45-409E-9BA9-2102F2BBC95B}.Release|Any CPU.Build.0 = Release|Any CPU
		{D98BE9B3-2ABA-4404-ABF3-05FE135CC044}.Debug|Any CPU.ActiveCfg = Debug|Any CPU
		{D98BE9B3-2ABA-4404-ABF3-05FE135CC044}.Debug|Any CPU.Build.0 = Debug|Any CPU
		{D98BE9B3-2ABA-4404-ABF3-05FE135CC044}.Release|Any CPU.ActiveCfg = Release|Any CPU
		{D98BE9B3-2ABA-4404-ABF3-05FE135CC044}.Release|Any CPU.Build.0 = Release|Any CPU
		{D0669AF8-2A3D-474B-8B6C-C9B468DAE4BA}.Debug|Any CPU.ActiveCfg = Debug|Any CPU
		{D0669AF8-2A3D-474B-8B6C-C9B468DAE4BA}.Debug|Any CPU.Build.0 = Debug|Any CPU
		{D0669AF8-2A3D-474B-8B6C-C9B468DAE4BA}.Release|Any CPU.ActiveCfg = Release|Any CPU
		{D0669AF8-2A3D-474B-8B6C-C9B468DAE4BA}.Release|Any CPU.Build.0 = Release|Any CPU
	EndGlobalSection
	GlobalSection(SolutionProperties) = preSolution
		HideSolutionNode = FALSE
	EndGlobalSection
	GlobalSection(ExtensibilityGlobals) = postSolution
		SolutionGuid = {DF0E2547-27CE-4A59-98F6-FC0F122752D1}
	EndGlobalSection
EndGlobal
